
Microsoft Visual Studio Solution File, Format Version 12.00
# Visual Studio Version 16
VisualStudioVersion = 16.0.31229.75
MinimumVisualStudioVersion = 10.0.40219.1
Project("{FAE04EC0-301F-11D3-BF4B-00C04F79EFBC}") = "TennisTournaments", "TennisTournaments\TennisTournaments.csproj", "{946C7196-9D05-49DA-A7D5-780CC4FD772C}"
EndProject
Global
	GlobalSection(SolutionConfigurationPlatforms) = preSolution
		Debug|Any CPU = Debug|Any CPU
		Release|Any CPU = Release|Any CPU
	EndGlobalSection
	GlobalSection(ProjectConfigurationPlatforms) = postSolution
		{946C7196-9D05-49DA-A7D5-780CC4FD772C}.Debug|Any CPU.ActiveCfg = Debug|Any CPU
		{946C7196-9D05-49DA-A7D5-780CC4FD772C}.Debug|Any CPU.Build.0 = Debug|Any CPU
		{946C7196-9D05-49DA-A7D5-780CC4FD772C}.Release|Any CPU.ActiveCfg = Release|Any CPU
		{946C7196-9D05-49DA-A7D5-780CC4FD772C}.Release|Any CPU.Build.0 = Release|Any CPU
	EndGlobalSection
	GlobalSection(SolutionProperties) = preSolution
		HideSolutionNode = FALSE
	EndGlobalSection
	GlobalSection(ExtensibilityGlobals) = postSolution
		SolutionGuid = {83F62695-3BB1-49A4-9554-52E5CC10C4CB}
	EndGlobalSection
EndGlobal
